
Microsoft Visual Studio Solution File, Format Version 11.00
# Visual Studio 2010
Project("{CC5FD16D-436D-48AD-A40C-5A424C6E3E79}") = "WindowsAzureProject1", "WindowsAzureProject1\WindowsAzureProject1.ccproj", "{07801AB7-F2D1-4077-A5BD-87BD23FBCF9C}"
EndProject
Project("{FAE04EC0-301F-11D3-BF4B-00C04F79EFBC}") = "WebRole1", "WebRole1\WebRole1.csproj", "{734E2BFA-4D58-4E09-B0FA-295B9A4CAEA6}"
EndProject
Global
	GlobalSection(SolutionConfigurationPlatforms) = preSolution
		Debug|Any CPU = Debug|Any CPU
		Release|Any CPU = Release|Any CPU
	EndGlobalSection
	GlobalSection(ProjectConfigurationPlatforms) = postSolution
		{07801AB7-F2D1-4077-A5BD-87BD23FBCF9C}.Debug|Any CPU.ActiveCfg = Debug|Any CPU
		{07801AB7-F2D1-4077-A5BD-87BD23FBCF9C}.Debug|Any CPU.Build.0 = Debug|Any CPU
		{07801AB7-F2D1-4077-A5BD-87BD23FBCF9C}.Release|Any CPU.ActiveCfg = Release|Any CPU
		{07801AB7-F2D1-4077-A5BD-87BD23FBCF9C}.Release|Any CPU.Build.0 = Release|Any CPU
		{734E2BFA-4D58-4E09-B0FA-295B9A4CAEA6}.Debug|Any CPU.ActiveCfg = Debug|Any CPU
		{734E2BFA-4D58-4E09-B0FA-295B9A4CAEA6}.Debug|Any CPU.Build.0 = Debug|Any CPU
		{734E2BFA-4D58-4E09-B0FA-295B9A4CAEA6}.Release|Any CPU.ActiveCfg = Release|Any CPU
		{734E2BFA-4D58-4E09-B0FA-295B9A4CAEA6}.Release|Any CPU.Build.0 = Release|Any CPU
	EndGlobalSection
	GlobalSection(SolutionProperties) = preSolution
		HideSolutionNode = FALSE
	EndGlobalSection
EndGlobal
